
Microsoft Visual Studio Solution File, Format Version 12.00
# Visual Studio Version 16
VisualStudioVersion = 16.0.29503.13
MinimumVisualStudioVersion = 10.0.40219.1
Project("{FAE04EC0-301F-11D3-BF4B-00C04F79EFBC}") = "GGShopMVC", "GGShopMVC.csproj", "{0FA11DD2-9191-464D-B88E-95485C5174A4}"
EndProject
Project("{FAE04EC0-301F-11D3-BF4B-00C04F79EFBC}") = "GGShopMVC.Tests", "..\GGShopMVC.Tests\GGShopMVC.Tests.csproj", "{874CBC5A-5409-4B12-8D2C-986CE9283E6C}"
EndProject
Project("{2150E333-8FDC-42A3-9474-1A3956D46DE8}") = "Solution Items", "Solution Items", "{3E5D5BF8-67A7-4F76-96CA-04953235DCA2}"
	ProjectSection(SolutionItems) = preProject
		.a11yrc = .a11yrc
	EndProjectSection
EndProject
Global
	GlobalSection(SolutionConfigurationPlatforms) = preSolution
		Debug|Any CPU = Debug|Any CPU
		Release|Any CPU = Release|Any CPU
	EndGlobalSection
	GlobalSection(ProjectConfigurationPlatforms) = postSolution
		{0FA11DD2-9191-464D-B88E-95485C5174A4}.Debug|Any CPU.ActiveCfg = Debug|Any CPU
		{0FA11DD2-9191-464D-B88E-95485C5174A4}.Debug|Any CPU.Build.0 = Debug|Any CPU
		{0FA11DD2-9191-464D-B88E-95485C5174A4}.Release|Any CPU.ActiveCfg = Release|Any CPU
		{0FA11DD2-9191-464D-B88E-95485C5174A4}.Release|Any CPU.Build.0 = Release|Any CPU
		{874CBC5A-5409-4B12-8D2C-986CE9283E6C}.Debug|Any CPU.ActiveCfg = Debug|Any CPU
		{874CBC5A-5409-4B12-8D2C-986CE9283E6C}.Debug|Any CPU.Build.0 = Debug|Any CPU
		{874CBC5A-5409-4B12-8D2C-986CE9283E6C}.Release|Any CPU.ActiveCfg = Release|Any CPU
		{874CBC5A-5409-4B12-8D2C-986CE9283E6C}.Release|Any CPU.Build.0 = Release|Any CPU
	EndGlobalSection
	GlobalSection(SolutionProperties) = preSolution
		HideSolutionNode = FALSE
	EndGlobalSection
	GlobalSection(ExtensibilityGlobals) = postSolution
		SolutionGuid = {E137303D-89DA-485A-96C0-D45F521C47FD}
	EndGlobalSection
EndGlobal
